
Microsoft Visual Studio Solution File, Format Version 12.00
# Visual Studio Version 16
VisualStudioVersion = 16.0.30907.101
MinimumVisualStudioVersion = 10.0.40219.1
Project("{FAE04EC0-301F-11D3-BF4B-00C04F79EFBC}") = "PlayNow", "PlayNow\PlayNow.csproj", "{B3C7EA98-9AC3-4624-890D-1E9173D2F462}"
EndProject
Global
	GlobalSection(SolutionConfigurationPlatforms) = preSolution
		Debug|Any CPU = Debug|Any CPU
		Release|Any CPU = Release|Any CPU
	EndGlobalSection
	GlobalSection(ProjectConfigurationPlatforms) = postSolution
		{B3C7EA98-9AC3-4624-890D-1E9173D2F462}.Debug|Any CPU.ActiveCfg = Debug|Any CPU
		{B3C7EA98-9AC3-4624-890D-1E9173D2F462}.Debug|Any CPU.Build.0 = Debug|Any CPU
		{B3C7EA98-9AC3-4624-890D-1E9173D2F462}.Release|Any CPU.ActiveCfg = Release|Any CPU
		{B3C7EA98-9AC3-4624-890D-1E9173D2F462}.Release|Any CPU.Build.0 = Release|Any CPU
	EndGlobalSection
	GlobalSection(SolutionProperties) = preSolution
		HideSolutionNode = FALSE
	EndGlobalSection
	GlobalSection(ExtensibilityGlobals) = postSolution
		SolutionGuid = {105F6756-BEAD-46EA-8368-F373C125EB4D}
	EndGlobalSection
EndGlobal
